
Microsoft Visual Studio Solution File, Format Version 12.00
# Visual Studio Version 17
VisualStudioVersion = 17.10.34916.146
MinimumVisualStudioVersion = 10.0.40219.1
Project("{FAE04EC0-301F-11D3-BF4B-00C04F79EFBC}") = "SchoolManagement", "SchoolManagement\SchoolManagement.csproj", "{9F168C68-0780-4C7B-95A4-8CFA30D84B4D}"
EndProject
Global
	GlobalSection(SolutionConfigurationPlatforms) = preSolution
		Debug|Any CPU = Debug|Any CPU
		Release|Any CPU = Release|Any CPU
	EndGlobalSection
	GlobalSection(ProjectConfigurationPlatforms) = postSolution
		{9F168C68-0780-4C7B-95A4-8CFA30D84B4D}.Debug|Any CPU.ActiveCfg = Debug|Any CPU
		{9F168C68-0780-4C7B-95A4-8CFA30D84B4D}.Debug|Any CPU.Build.0 = Debug|Any CPU
		{9F168C68-0780-4C7B-95A4-8CFA30D84B4D}.Release|Any CPU.ActiveCfg = Release|Any CPU
		{9F168C68-0780-4C7B-95A4-8CFA30D84B4D}.Release|Any CPU.Build.0 = Release|Any CPU
	EndGlobalSection
	GlobalSection(SolutionProperties) = preSolution
		HideSolutionNode = FALSE
	EndGlobalSection
	GlobalSection(ExtensibilityGlobals) = postSolution
		SolutionGuid = {E061312A-61AC-4A9D-BC0E-08D8E97ACCC9}
	EndGlobalSection
EndGlobal
