
Microsoft Visual Studio Solution File, Format Version 12.00
# Visual Studio Version 17
VisualStudioVersion = 17.10.34916.146
MinimumVisualStudioVersion = 10.0.40219.1
Project("{FAE04EC0-301F-11D3-BF4B-00C04F79EFBC}") = "UniversityManagement", "UniversityManagement.csproj", "{F3198A2A-F35B-4823-B0EF-9C96F86436A6}"
EndProject
Global
	GlobalSection(SolutionConfigurationPlatforms) = preSolution
		Debug|Any CPU = Debug|Any CPU
		Release|Any CPU = Release|Any CPU
	EndGlobalSection
	GlobalSection(ProjectConfigurationPlatforms) = postSolution
		{F3198A2A-F35B-4823-B0EF-9C96F86436A6}.Debug|Any CPU.ActiveCfg = Debug|Any CPU
		{F3198A2A-F35B-4823-B0EF-9C96F86436A6}.Debug|Any CPU.Build.0 = Debug|Any CPU
		{F3198A2A-F35B-4823-B0EF-9C96F86436A6}.Release|Any CPU.ActiveCfg = Release|Any CPU
		{F3198A2A-F35B-4823-B0EF-9C96F86436A6}.Release|Any CPU.Build.0 = Release|Any CPU
	EndGlobalSection
	GlobalSection(SolutionProperties) = preSolution
		HideSolutionNode = FALSE
	EndGlobalSection
	GlobalSection(ExtensibilityGlobals) = postSolution
		SolutionGuid = {033E855D-DC8C-4605-B0EF-16F77DD8C413}
	EndGlobalSection
EndGlobal
